<?xml version="1.0" encoding="utf-8"?>
<Project ToolsVersion="4.0" xmlns="http://schemas.microsoft.com/developer/msbuild/2003">
  <ItemGroup>
    <CudaCompile Include="main.cpp" />
    <CudaCompile Include="RandomGenerator\RandomGenerator.cu" />
  </ItemGroup>
  <ItemGroup>
    <Filter Include="Interfaces">
      <UniqueIdentifier>{958215d8-cc5c-487b-bee3-b86fd786f985}</UniqueIdentifier>
    </Filter>
    <Filter Include="Selections">
      <UniqueIdentifier>{6b3ffb53-40c5-4633-a63a-cbf0c1abad90}</UniqueIdentifier>
    </Filter>
    <Filter Include="Crossovers">
      <UniqueIdentifier>{7efa9cf6-f0ea-4d5d-adfa-21e55aba9023}</UniqueIdentifier>
    </Filter>
    <Filter Include="Mutations">
      <UniqueIdentifier>{1b58cd62-4eb8-4e43-834d-f5c4b6a1ecf0}</UniqueIdentifier>
    </Filter>
    <Filter Include="Metrics">
      <UniqueIdentifier>{1720d6ad-f54e-4092-8bdc-e2093c6f5488}</UniqueIdentifier>
    </Filter>
    <Filter Include="RandomGenerator">
      <UniqueIdentifier>{a42d2267-b797-45f9-861d-42e9efe84eea}</UniqueIdentifier>
    </Filter>
    <Filter Include="Texture">
      <UniqueIdentifier>{a8699ec9-eb84-4778-ab2b-6d0581626447}</UniqueIdentifier>
    </Filter>
    <Filter Include="Kernel">
      <UniqueIdentifier>{d458f993-8a1c-40fa-8491-5baae6228fde}</UniqueIdentifier>
    </Filter>
  </ItemGroup>
  <ItemGroup>
    <ClInclude Include="Interfaces\IMutationOperator.h">
      <Filter>Interfaces</Filter>
    </ClInclude>
    <ClInclude Include="Interfaces\ICrossoverOperator.h">
      <Filter>Interfaces</Filter>
    </ClInclude>
    <ClInclude Include="Interfaces\ISelectionOperator.h">
      <Filter>Interfaces</Filter>
    </ClInclude>
    <ClInclude Include="Crossovers\IntervalCrossover.h">
      <Filter>Crossovers</Filter>
    </ClInclude>
    <ClInclude Include="Selections\RandomSelection.h">
      <Filter>Selections</Filter>
    </ClInclude>
    <ClInclude Include="Mutations\SwapMutation.h">
      <Filter>Mutations</Filter>
    </ClInclude>
    <ClInclude Include="Instance\GlobalMemoryInstance.h" />
    <ClInclude Include="Instance\HostInstance.h" />
    <ClInclude Include="Instance\InstanceReader.h" />
    <ClInclude Include="Instance\Metric.h" />
    <ClInclude Include="RandomGenerator\RandomGenerator.cuh" />
  </ItemGroup>
  <ItemGroup>
    <ClCompile Include="Selections\RandomSelection.cpp">
      <Filter>Selections</Filter>
    </ClCompile>
    <ClCompile Include="Crossovers\IntervalCrossover.cpp">
      <Filter>Crossovers</Filter>
    </ClCompile>
    <ClCompile Include="Mutations\SwapMutation.cpp">
      <Filter>Mutations</Filter>
    </ClCompile>
    <ClCompile Include="Interfaces\ISelectionOperator.cpp">
      <Filter>Selections</Filter>
    </ClCompile>
  </ItemGroup>
  <ItemGroup>
    <Text Include="Texture\Texture.cpp">
      <Filter>Texture</Filter>
    </Text>
    <Text Include="Kernel\Kernel.cuh">
      <Filter>Kernel</Filter>
    </Text>
  </ItemGroup>
  <ItemGroup>
    <None Include="Kernel\Kernel.cu">
      <Filter>Kernel</Filter>
    </None>
  </ItemGroup>
  <ItemGroup>
    <None Include=".gitignore" />
    <None Include="Makefile" />
  </ItemGroup>
</Project>