<?xml version="1.0" encoding="utf-8"?>
<Project ToolsVersion="4.0" xmlns="http://schemas.microsoft.com/developer/msbuild/2003">
  <ItemGroup>
    <CudaCompile Include="main.cpp" />
  </ItemGroup>
  <ItemGroup>
    <Filter Include="Selections">
      <UniqueIdentifier>{6b3ffb53-40c5-4633-a63a-cbf0c1abad90}</UniqueIdentifier>
    </Filter>
    <Filter Include="Crossovers">
      <UniqueIdentifier>{7efa9cf6-f0ea-4d5d-adfa-21e55aba9023}</UniqueIdentifier>
    </Filter>
    <Filter Include="Mutations">
      <UniqueIdentifier>{1b58cd62-4eb8-4e43-834d-f5c4b6a1ecf0}</UniqueIdentifier>
    </Filter>
    <Filter Include="Algorithm">
      <UniqueIdentifier>{958215d8-cc5c-487b-bee3-b86fd786f985}</UniqueIdentifier>
    </Filter>
    <Filter Include="Instance">
      <UniqueIdentifier>{d458f993-8a1c-40fa-8491-5baae6228fde}</UniqueIdentifier>
    </Filter>
    <Filter Include="Tests">
      <UniqueIdentifier>{332a7dfc-cc0a-4bc5-9044-3baaf59c6de2}</UniqueIdentifier>
    </Filter>
  </ItemGroup>
  <ItemGroup>
    <ClInclude Include="Selections\Basic.h">
      <Filter>Selections</Filter>
    </ClInclude>
    <ClInclude Include="Mutations\Interval.h">
      <Filter>Mutations</Filter>
    </ClInclude>
    <ClInclude Include="args.hxx" />
    <ClInclude Include="Algorithm\CoarseGrained.h">
      <Filter>Algorithm</Filter>
    </ClInclude>
    <ClInclude Include="Algorithm\FineGrained.h">
      <Filter>Algorithm</Filter>
    </ClInclude>
    <ClInclude Include="Crossovers\Basic.h">
      <Filter>Crossovers</Filter>
    </ClInclude>
    <ClInclude Include="Algorithm\Basic.h">
      <Filter>Algorithm</Filter>
    </ClInclude>
    <ClInclude Include="Mutations\Basic.h">
      <Filter>Mutations</Filter>
    </ClInclude>
    <ClInclude Include="Instance\GlobalMemoryInstance.h">
      <Filter>Instance</Filter>
    </ClInclude>
    <ClInclude Include="Algorithm\CycleHelper.h">
      <Filter>Algorithm</Filter>
    </ClInclude>
    <ClInclude Include="Algorithm\Helper.h">
      <Filter>Algorithm</Filter>
    </ClInclude>
    <ClInclude Include="Instance\Helper.h">
      <Filter>Instance</Filter>
    </ClInclude>
    <ClInclude Include="Instance\HostInstance.h">
      <Filter>Instance</Filter>
    </ClInclude>
    <ClInclude Include="Instance\InstanceReader.h">
      <Filter>Instance</Filter>
    </ClInclude>
    <ClInclude Include="Instance\Metric.h">
      <Filter>Instance</Filter>
    </ClInclude>
    <ClInclude Include="Crossovers\PMX.h">
      <Filter>Crossovers</Filter>
    </ClInclude>
    <ClInclude Include="Instance\TextureMemoryInstance.h">
      <Filter>Instance</Filter>
    </ClInclude>
    <ClInclude Include="Algorithm\WarpCycleHelper.h">
      <Filter>Algorithm</Filter>
    </ClInclude>
    <ClInclude Include="Crossovers\WarpPMX.h">
      <Filter>Crossovers</Filter>
    </ClInclude>
    <ClInclude Include="Mutations\WarpInterval.h">
      <Filter>Mutations</Filter>
    </ClInclude>
    <ClInclude Include="Selections\WarpRouletteWheel.h">
      <Filter>Selections</Filter>
    </ClInclude>
    <ClInclude Include="Selections\RouleteWheel.h">
      <Filter>Selections</Filter>
    </ClInclude>
    <ClInclude Include="Algorithm\VectorReduction.h">
      <Filter>Algorithm</Filter>
    </ClInclude>
    <ClInclude Include="Algorithm\BlockSwap.h">
      <Filter>Algorithm</Filter>
    </ClInclude>
    <ClInclude Include="Crossovers\OX.h">
      <Filter>Crossovers</Filter>
    </ClInclude>
  </ItemGroup>
  <ItemGroup>
    <Text Include="Algorithm\Kernels.h">
      <Filter>Algorithm</Filter>
    </Text>
  </ItemGroup>
  <ItemGroup>
    <None Include=".gitignore" />
    <None Include="Makefile" />
    <None Include="Tests\crossover-mutation-performance.sh">
      <Filter>Tests</Filter>
    </None>
    <None Include="Tests\run_pga_tsp.sh">
      <Filter>Tests</Filter>
    </None>
  </ItemGroup>
</Project>